
Microsoft Visual Studio Solution File, Format Version 12.00
# Visual Studio Version 17
VisualStudioVersion = 17.2.32616.157
MinimumVisualStudioVersion = 10.0.40219.1
Project("{FAE04EC0-301F-11D3-BF4B-00C04F79EFBC}") = "JT_BinarySearchTree", "JT_BinarySearchTree\JT_BinarySearchTree.csproj", "{BDEA444E-9220-4E49-9BE4-E5360EB7332A}"
EndProject
Global
	GlobalSection(SolutionConfigurationPlatforms) = preSolution
		Debug|Any CPU = Debug|Any CPU
		Release|Any CPU = Release|Any CPU
	EndGlobalSection
	GlobalSection(ProjectConfigurationPlatforms) = postSolution
		{BDEA444E-9220-4E49-9BE4-E5360EB7332A}.Debug|Any CPU.ActiveCfg = Debug|Any CPU
		{BDEA444E-9220-4E49-9BE4-E5360EB7332A}.Debug|Any CPU.Build.0 = Debug|Any CPU
		{BDEA444E-9220-4E49-9BE4-E5360EB7332A}.Release|Any CPU.ActiveCfg = Release|Any CPU
		{BDEA444E-9220-4E49-9BE4-E5360EB7332A}.Release|Any CPU.Build.0 = Release|Any CPU
	EndGlobalSection
	GlobalSection(SolutionProperties) = preSolution
		HideSolutionNode = FALSE
	EndGlobalSection
	GlobalSection(ExtensibilityGlobals) = postSolution
		SolutionGuid = {0BAB1BED-8C1A-4F7E-A594-8FB5A8357B55}
	EndGlobalSection
EndGlobal
